
Microsoft Visual Studio Solution File, Format Version 12.00
# Visual Studio 14
VisualStudioVersion = 14.0.25420.1
MinimumVisualStudioVersion = 10.0.40219.1
Project("{FAE04EC0-301F-11D3-BF4B-00C04F79EFBC}") = "floormap_viewer2.Droid", "floormap-viewer2\floormap_viewer2.Droid\floormap_viewer2.Droid.csproj", "{3F605BBD-00B8-4747-AFE6-93DCC1BC129F}"
EndProject
Project("{FAE04EC0-301F-11D3-BF4B-00C04F79EFBC}") = "floormap_viewer2.iOS", "floormap-viewer2\floormap_viewer2.iOS\floormap_viewer2.iOS.csproj", "{4BBA157C-42DA-4716-A202-72D39998E85E}"
EndProject
Project("{FAE04EC0-301F-11D3-BF4B-00C04F79EFBC}") = "floormap_viewer2.WinPhone", "floormap-viewer2\floormap_viewer2.WinPhone\floormap_viewer2.WinPhone.csproj", "{2B07C35F-5D07-4626-ABB6-D565AD8BC18B}"
EndProject
Project("{FAE04EC0-301F-11D3-BF4B-00C04F79EFBC}") = "floormap_viewer2.UWP", "floormap-viewer2\floormap_viewer2.UWP\floormap_viewer2.UWP.csproj", "{C9C7703F-E306-4C6D-9801-808ADA0974B0}"
EndProject
Project("{FAE04EC0-301F-11D3-BF4B-00C04F79EFBC}") = "floormap_viewer2.Windows", "floormap-viewer2\floormap_viewer2.Windows\floormap_viewer2.Windows.csproj", "{AC66C7E7-C188-45B6-B129-D3774217B23A}"
EndProject
Project("{FAE04EC0-301F-11D3-BF4B-00C04F79EFBC}") = "floormap_viewer2", "floormap-viewer2\floormap_viewer2\floormap_viewer2.csproj", "{50182D4A-BC2A-4792-9B73-589CD1B372EB}"
EndProject
Global
	GlobalSection(SolutionConfigurationPlatforms) = preSolution
		Ad-Hoc|Any CPU = Ad-Hoc|Any CPU
		Ad-Hoc|ARM = Ad-Hoc|ARM
		Ad-Hoc|iPhone = Ad-Hoc|iPhone
		Ad-Hoc|iPhoneSimulator = Ad-Hoc|iPhoneSimulator
		Ad-Hoc|x64 = Ad-Hoc|x64
		Ad-Hoc|x86 = Ad-Hoc|x86
		AppStore|Any CPU = AppStore|Any CPU
		AppStore|ARM = AppStore|ARM
		AppStore|iPhone = AppStore|iPhone
		AppStore|iPhoneSimulator = AppStore|iPhoneSimulator
		AppStore|x64 = AppStore|x64
		AppStore|x86 = AppStore|x86
		Debug|Any CPU = Debug|Any CPU
		Debug|ARM = Debug|ARM
		Debug|iPhone = Debug|iPhone
		Debug|iPhoneSimulator = Debug|iPhoneSimulator
		Debug|x64 = Debug|x64
		Debug|x86 = Debug|x86
		Release|Any CPU = Release|Any CPU
		Release|ARM = Release|ARM
		Release|iPhone = Release|iPhone
		Release|iPhoneSimulator = Release|iPhoneSimulator
		Release|x64 = Release|x64
		Release|x86 = Release|x86
	EndGlobalSection
	GlobalSection(ProjectConfigurationPlatforms) = postSolution
		{3F605BBD-00B8-4747-AFE6-93DCC1BC129F}.Ad-Hoc|Any CPU.ActiveCfg = Release|Any CPU
		{3F605BBD-00B8-4747-AFE6-93DCC1BC129F}.Ad-Hoc|Any CPU.Build.0 = Release|Any CPU
		{3F605BBD-00B8-4747-AFE6-93DCC1BC129F}.Ad-Hoc|Any CPU.Deploy.0 = Release|Any CPU
		{3F605BBD-00B8-4747-AFE6-93DCC1BC129F}.Ad-Hoc|ARM.ActiveCfg = Release|Any CPU
		{3F605BBD-00B8-4747-AFE6-93DCC1BC129F}.Ad-Hoc|ARM.Build.0 = Release|Any CPU
		{3F605BBD-00B8-4747-AFE6-93DCC1BC129F}.Ad-Hoc|ARM.Deploy.0 = Release|Any CPU
		{3F605BBD-00B8-4747-AFE6-93DCC1BC129F}.Ad-Hoc|iPhone.ActiveCfg = Release|Any CPU
		{3F605BBD-00B8-4747-AFE6-93DCC1BC129F}.Ad-Hoc|iPhone.Build.0 = Release|Any CPU
		{3F605BBD-00B8-4747-AFE6-93DCC1BC129F}.Ad-Hoc|iPhone.Deploy.0 = Release|Any CPU
		{3F605BBD-00B8-4747-AFE6-93DCC1BC129F}.Ad-Hoc|iPhoneSimulator.ActiveCfg = Release|Any CPU
		{3F605BBD-00B8-4747-AFE6-93DCC1BC129F}.Ad-Hoc|iPhoneSimulator.Build.0 = Release|Any CPU
		{3F605BBD-00B8-4747-AFE6-93DCC1BC129F}.Ad-Hoc|iPhoneSimulator.Deploy.0 = Release|Any CPU
		{3F605BBD-00B8-4747-AFE6-93DCC1BC129F}.Ad-Hoc|x64.ActiveCfg = Release|Any CPU
		{3F605BBD-00B8-4747-AFE6-93DCC1BC129F}.Ad-Hoc|x64.Build.0 = Release|Any CPU
		{3F605BBD-00B8-4747-AFE6-93DCC1BC129F}.Ad-Hoc|x64.Deploy.0 = Release|Any CPU
		{3F605BBD-00B8-4747-AFE6-93DCC1BC129F}.Ad-Hoc|x86.ActiveCfg = Release|Any CPU
		{3F605BBD-00B8-4747-AFE6-93DCC1BC129F}.Ad-Hoc|x86.Build.0 = Release|Any CPU
		{3F605BBD-00B8-4747-AFE6-93DCC1BC129F}.Ad-Hoc|x86.Deploy.0 = Release|Any CPU
		{3F605BBD-00B8-4747-AFE6-93DCC1BC129F}.AppStore|Any CPU.ActiveCfg = Release|Any CPU
		{3F605BBD-00B8-4747-AFE6-93DCC1BC129F}.AppStore|Any CPU.Build.0 = Release|Any CPU
		{3F605BBD-00B8-4747-AFE6-93DCC1BC129F}.AppStore|Any CPU.Deploy.0 = Release|Any CPU
		{3F605BBD-00B8-4747-AFE6-93DCC1BC129F}.AppStore|ARM.ActiveCfg = Release|Any CPU
		{3F605BBD-00B8-4747-AFE6-93DCC1BC129F}.AppStore|ARM.Build.0 = Release|Any CPU
		{3F605BBD-00B8-4747-AFE6-93DCC1BC129F}.AppStore|ARM.Deploy.0 = Release|Any CPU
		{3F605BBD-00B8-4747-AFE6-93DCC1BC129F}.AppStore|iPhone.ActiveCfg = Release|Any CPU
		{3F605BBD-00B8-4747-AFE6-93DCC1BC129F}.AppStore|iPhone.Build.0 = Release|Any CPU
		{3F605BBD-00B8-4747-AFE6-93DCC1BC129F}.AppStore|iPhone.Deploy.0 = Release|Any CPU
		{3F605BBD-00B8-4747-AFE6-93DCC1BC129F}.AppStore|iPhoneSimulator.ActiveCfg = Release|Any CPU
		{3F605BBD-00B8-4747-AFE6-93DCC1BC129F}.AppStore|iPhoneSimulator.Build.0 = Release|Any CPU
		{3F605BBD-00B8-4747-AFE6-93DCC1BC129F}.AppStore|iPhoneSimulator.Deploy.0 = Release|Any CPU
		{3F605BBD-00B8-4747-AFE6-93DCC1BC129F}.AppStore|x64.ActiveCfg = Release|Any CPU
		{3F605BBD-00B8-4747-AFE6-93DCC1BC129F}.AppStore|x64.Build.0 = Release|Any CPU
		{3F605BBD-00B8-4747-AFE6-93DCC1BC129F}.AppStore|x64.Deploy.0 = Release|Any CPU
		{3F605BBD-00B8-4747-AFE6-93DCC1BC129F}.AppStore|x86.ActiveCfg = Release|Any CPU
		{3F605BBD-00B8-4747-AFE6-93DCC1BC129F}.AppStore|x86.Build.0 = Release|Any CPU
		{3F605BBD-00B8-4747-AFE6-93DCC1BC129F}.AppStore|x86.Deploy.0 = Release|Any CPU
		{3F605BBD-00B8-4747-AFE6-93DCC1BC129F}.Debug|Any CPU.ActiveCfg = Debug|Any CPU
		{3F605BBD-00B8-4747-AFE6-93DCC1BC129F}.Debug|Any CPU.Build.0 = Debug|Any CPU
		{3F605BBD-00B8-4747-AFE6-93DCC1BC129F}.Debug|Any CPU.Deploy.0 = Debug|Any CPU
		{3F605BBD-00B8-4747-AFE6-93DCC1BC129F}.Debug|ARM.ActiveCfg = Debug|Any CPU
		{3F605BBD-00B8-4747-AFE6-93DCC1BC129F}.Debug|ARM.Build.0 = Debug|Any CPU
		{3F605BBD-00B8-4747-AFE6-93DCC1BC129F}.Debug|ARM.Deploy.0 = Debug|Any CPU
		{3F605BBD-00B8-4747-AFE6-93DCC1BC129F}.Debug|iPhone.ActiveCfg = Debug|Any CPU
		{3F605BBD-00B8-4747-AFE6-93DCC1BC129F}.Debug|iPhone.Build.0 = Debug|Any CPU
		{3F605BBD-00B8-4747-AFE6-93DCC1BC129F}.Debug|iPhone.Deploy.0 = Debug|Any CPU
		{3F605BBD-00B8-4747-AFE6-93DCC1BC129F}.Debug|iPhoneSimulator.ActiveCfg = Debug|Any CPU
		{3F605BBD-00B8-4747-AFE6-93DCC1BC129F}.Debug|iPhoneSimulator.Build.0 = Debug|Any CPU
		{3F605BBD-00B8-4747-AFE6-93DCC1BC129F}.Debug|iPhoneSimulator.Deploy.0 = Debug|Any CPU
		{3F605BBD-00B8-4747-AFE6-93DCC1BC129F}.Debug|x64.ActiveCfg = Debug|Any CPU
		{3F605BBD-00B8-4747-AFE6-93DCC1BC129F}.Debug|x64.Build.0 = Debug|Any CPU
		{3F605BBD-00B8-4747-AFE6-93DCC1BC129F}.Debug|x64.Deploy.0 = Debug|Any CPU
		{3F605BBD-00B8-4747-AFE6-93DCC1BC129F}.Debug|x86.ActiveCfg = Debug|Any CPU
		{3F605BBD-00B8-4747-AFE6-93DCC1BC129F}.Debug|x86.Build.0 = Debug|Any CPU
		{3F605BBD-00B8-4747-AFE6-93DCC1BC129F}.Debug|x86.Deploy.0 = Debug|Any CPU
		{3F605BBD-00B8-4747-AFE6-93DCC1BC129F}.Release|Any CPU.ActiveCfg = Release|Any CPU
		{3F605BBD-00B8-4747-AFE6-93DCC1BC129F}.Release|Any CPU.Build.0 = Release|Any CPU
		{3F605BBD-00B8-4747-AFE6-93DCC1BC129F}.Release|Any CPU.Deploy.0 = Release|Any CPU
		{3F605BBD-00B8-4747-AFE6-93DCC1BC129F}.Release|ARM.ActiveCfg = Release|Any CPU
		{3F605BBD-00B8-4747-AFE6-93DCC1BC129F}.Release|ARM.Build.0 = Release|Any CPU
		{3F605BBD-00B8-4747-AFE6-93DCC1BC129F}.Release|ARM.Deploy.0 = Release|Any CPU
		{3F605BBD-00B8-4747-AFE6-93DCC1BC129F}.Release|iPhone.ActiveCfg = Release|Any CPU
		{3F605BBD-00B8-4747-AFE6-93DCC1BC129F}.Release|iPhone.Build.0 = Release|Any CPU
		{3F605BBD-00B8-4747-AFE6-93DCC1BC129F}.Release|iPhone.Deploy.0 = Release|Any CPU
		{3F605BBD-00B8-4747-AFE6-93DCC1BC129F}.Release|iPhoneSimulator.ActiveCfg = Release|Any CPU
		{3F605BBD-00B8-4747-AFE6-93DCC1BC129F}.Release|iPhoneSimulator.Build.0 = Release|Any CPU
		{3F605BBD-00B8-4747-AFE6-93DCC1BC129F}.Release|iPhoneSimulator.Deploy.0 = Release|Any CPU
		{3F605BBD-00B8-4747-AFE6-93DCC1BC129F}.Release|x64.ActiveCfg = Release|Any CPU
		{3F605BBD-00B8-4747-AFE6-93DCC1BC129F}.Release|x64.Build.0 = Release|Any CPU
		{3F605BBD-00B8-4747-AFE6-93DCC1BC129F}.Release|x64.Deploy.0 = Release|Any CPU
		{3F605BBD-00B8-4747-AFE6-93DCC1BC129F}.Release|x86.ActiveCfg = Release|Any CPU
		{3F605BBD-00B8-4747-AFE6-93DCC1BC129F}.Release|x86.Build.0 = Release|Any CPU
		{3F605BBD-00B8-4747-AFE6-93DCC1BC129F}.Release|x86.Deploy.0 = Release|Any CPU
		{4BBA157C-42DA-4716-A202-72D39998E85E}.Ad-Hoc|Any CPU.ActiveCfg = Ad-Hoc|iPhone
		{4BBA157C-42DA-4716-A202-72D39998E85E}.Ad-Hoc|ARM.ActiveCfg = Ad-Hoc|iPhone
		{4BBA157C-42DA-4716-A202-72D39998E85E}.Ad-Hoc|iPhone.ActiveCfg = Ad-Hoc|iPhone
		{4BBA157C-42DA-4716-A202-72D39998E85E}.Ad-Hoc|iPhone.Build.0 = Ad-Hoc|iPhone
		{4BBA157C-42DA-4716-A202-72D39998E85E}.Ad-Hoc|iPhoneSimulator.ActiveCfg = Ad-Hoc|iPhoneSimulator
		{4BBA157C-42DA-4716-A202-72D39998E85E}.Ad-Hoc|iPhoneSimulator.Build.0 = Ad-Hoc|iPhoneSimulator
		{4BBA157C-42DA-4716-A202-72D39998E85E}.Ad-Hoc|x64.ActiveCfg = Ad-Hoc|iPhone
		{4BBA157C-42DA-4716-A202-72D39998E85E}.Ad-Hoc|x86.ActiveCfg = Ad-Hoc|iPhone
		{4BBA157C-42DA-4716-A202-72D39998E85E}.AppStore|Any CPU.ActiveCfg = AppStore|iPhone
		{4BBA157C-42DA-4716-A202-72D39998E85E}.AppStore|ARM.ActiveCfg = AppStore|iPhone
		{4BBA157C-42DA-4716-A202-72D39998E85E}.AppStore|iPhone.ActiveCfg = AppStore|iPhone
		{4BBA157C-42DA-4716-A202-72D39998E85E}.AppStore|iPhone.Build.0 = AppStore|iPhone
		{4BBA157C-42DA-4716-A202-72D39998E85E}.AppStore|iPhoneSimulator.ActiveCfg = AppStore|iPhoneSimulator
		{4BBA157C-42DA-4716-A202-72D39998E85E}.AppStore|iPhoneSimulator.Build.0 = AppStore|iPhoneSimulator
		{4BBA157C-42DA-4716-A202-72D39998E85E}.AppStore|x64.ActiveCfg = AppStore|iPhone
		{4BBA157C-42DA-4716-A202-72D39998E85E}.AppStore|x86.ActiveCfg = AppStore|iPhone
		{4BBA157C-42DA-4716-A202-72D39998E85E}.Debug|Any CPU.ActiveCfg = Debug|iPhone
		{4BBA157C-42DA-4716-A202-72D39998E85E}.Debug|ARM.ActiveCfg = Debug|iPhone
		{4BBA157C-42DA-4716-A202-72D39998E85E}.Debug|iPhone.ActiveCfg = Debug|iPhone
		{4BBA157C-42DA-4716-A202-72D39998E85E}.Debug|iPhone.Build.0 = Debug|iPhone
		{4BBA157C-42DA-4716-A202-72D39998E85E}.Debug|iPhoneSimulator.ActiveCfg = Debug|iPhoneSimulator
		{4BBA157C-42DA-4716-A202-72D39998E85E}.Debug|iPhoneSimulator.Build.0 = Debug|iPhoneSimulator
		{4BBA157C-42DA-4716-A202-72D39998E85E}.Debug|x64.ActiveCfg = Debug|iPhone
		{4BBA157C-42DA-4716-A202-72D39998E85E}.Debug|x86.ActiveCfg = Debug|iPhone
		{4BBA157C-42DA-4716-A202-72D39998E85E}.Release|Any CPU.ActiveCfg = Release|iPhone
		{4BBA157C-42DA-4716-A202-72D39998E85E}.Release|ARM.ActiveCfg = Release|iPhone
		{4BBA157C-42DA-4716-A202-72D39998E85E}.Release|iPhone.ActiveCfg = Release|iPhone
		{4BBA157C-42DA-4716-A202-72D39998E85E}.Release|iPhone.Build.0 = Release|iPhone
		{4BBA157C-42DA-4716-A202-72D39998E85E}.Release|iPhoneSimulator.ActiveCfg = Release|iPhoneSimulator
		{4BBA157C-42DA-4716-A202-72D39998E85E}.Release|iPhoneSimulator.Build.0 = Release|iPhoneSimulator
		{4BBA157C-42DA-4716-A202-72D39998E85E}.Release|x64.ActiveCfg = Release|iPhone
		{4BBA157C-42DA-4716-A202-72D39998E85E}.Release|x86.ActiveCfg = Release|iPhone
		{2B07C35F-5D07-4626-ABB6-D565AD8BC18B}.Ad-Hoc|Any CPU.ActiveCfg = Release|Any CPU
		{2B07C35F-5D07-4626-ABB6-D565AD8BC18B}.Ad-Hoc|Any CPU.Build.0 = Release|Any CPU
		{2B07C35F-5D07-4626-ABB6-D565AD8BC18B}.Ad-Hoc|Any CPU.Deploy.0 = Release|Any CPU
		{2B07C35F-5D07-4626-ABB6-D565AD8BC18B}.Ad-Hoc|ARM.ActiveCfg = Release|ARM
		{2B07C35F-5D07-4626-ABB6-D565AD8BC18B}.Ad-Hoc|ARM.Build.0 = Release|ARM
		{2B07C35F-5D07-4626-ABB6-D565AD8BC18B}.Ad-Hoc|ARM.Deploy.0 = Release|ARM
		{2B07C35F-5D07-4626-ABB6-D565AD8BC18B}.Ad-Hoc|iPhone.ActiveCfg = Release|Any CPU
		{2B07C35F-5D07-4626-ABB6-D565AD8BC18B}.Ad-Hoc|iPhone.Build.0 = Release|Any CPU
		{2B07C35F-5D07-4626-ABB6-D565AD8BC18B}.Ad-Hoc|iPhone.Deploy.0 = Release|Any CPU
		{2B07C35F-5D07-4626-ABB6-D565AD8BC18B}.Ad-Hoc|iPhoneSimulator.ActiveCfg = Release|Any CPU
		{2B07C35F-5D07-4626-ABB6-D565AD8BC18B}.Ad-Hoc|iPhoneSimulator.Build.0 = Release|Any CPU
		{2B07C35F-5D07-4626-ABB6-D565AD8BC18B}.Ad-Hoc|iPhoneSimulator.Deploy.0 = Release|Any CPU
		{2B07C35F-5D07-4626-ABB6-D565AD8BC18B}.Ad-Hoc|x64.ActiveCfg = Release|Any CPU
		{2B07C35F-5D07-4626-ABB6-D565AD8BC18B}.Ad-Hoc|x64.Build.0 = Release|Any CPU
		{2B07C35F-5D07-4626-ABB6-D565AD8BC18B}.Ad-Hoc|x64.Deploy.0 = Release|Any CPU
		{2B07C35F-5D07-4626-ABB6-D565AD8BC18B}.Ad-Hoc|x86.ActiveCfg = Release|x86
		{2B07C35F-5D07-4626-ABB6-D565AD8BC18B}.Ad-Hoc|x86.Build.0 = Release|x86
		{2B07C35F-5D07-4626-ABB6-D565AD8BC18B}.Ad-Hoc|x86.Deploy.0 = Release|x86
		{2B07C35F-5D07-4626-ABB6-D565AD8BC18B}.AppStore|Any CPU.ActiveCfg = Release|Any CPU
		{2B07C35F-5D07-4626-ABB6-D565AD8BC18B}.AppStore|Any CPU.Build.0 = Release|Any CPU
		{2B07C35F-5D07-4626-ABB6-D565AD8BC18B}.AppStore|Any CPU.Deploy.0 = Release|Any CPU
		{2B07C35F-5D07-4626-ABB6-D565AD8BC18B}.AppStore|ARM.ActiveCfg = Release|ARM
		{2B07C35F-5D07-4626-ABB6-D565AD8BC18B}.AppStore|ARM.Build.0 = Release|ARM
		{2B07C35F-5D07-4626-ABB6-D565AD8BC18B}.AppStore|ARM.Deploy.0 = Release|ARM
		{2B07C35F-5D07-4626-ABB6-D565AD8BC18B}.AppStore|iPhone.ActiveCfg = Release|Any CPU
		{2B07C35F-5D07-4626-ABB6-D565AD8BC18B}.AppStore|iPhone.Build.0 = Release|Any CPU
		{2B07C35F-5D07-4626-ABB6-D565AD8BC18B}.AppStore|iPhone.Deploy.0 = Release|Any CPU
		{2B07C35F-5D07-4626-ABB6-D565AD8BC18B}.AppStore|iPhoneSimulator.ActiveCfg = Release|Any CPU
		{2B07C35F-5D07-4626-ABB6-D565AD8BC18B}.AppStore|iPhoneSimulator.Build.0 = Release|Any CPU
		{2B07C35F-5D07-4626-ABB6-D565AD8BC18B}.AppStore|iPhoneSimulator.Deploy.0 = Release|Any CPU
		{2B07C35F-5D07-4626-ABB6-D565AD8BC18B}.AppStore|x64.ActiveCfg = Release|Any CPU
		{2B07C35F-5D07-4626-ABB6-D565AD8BC18B}.AppStore|x64.Build.0 = Release|Any CPU
		{2B07C35F-5D07-4626-ABB6-D565AD8BC18B}.AppStore|x64.Deploy.0 = Release|Any CPU
		{2B07C35F-5D07-4626-ABB6-D565AD8BC18B}.AppStore|x86.ActiveCfg = Release|x86
		{2B07C35F-5D07-4626-ABB6-D565AD8BC18B}.AppStore|x86.Build.0 = Release|x86
		{2B07C35F-5D07-4626-ABB6-D565AD8BC18B}.AppStore|x86.Deploy.0 = Release|x86
		{2B07C35F-5D07-4626-ABB6-D565AD8BC18B}.Debug|Any CPU.ActiveCfg = Debug|Any CPU
		{2B07C35F-5D07-4626-ABB6-D565AD8BC18B}.Debug|Any CPU.Build.0 = Debug|Any CPU
		{2B07C35F-5D07-4626-ABB6-D565AD8BC18B}.Debug|Any CPU.Deploy.0 = Debug|Any CPU
		{2B07C35F-5D07-4626-ABB6-D565AD8BC18B}.Debug|ARM.ActiveCfg = Debug|ARM
		{2B07C35F-5D07-4626-ABB6-D565AD8BC18B}.Debug|ARM.Build.0 = Debug|ARM
		{2B07C35F-5D07-4626-ABB6-D565AD8BC18B}.Debug|ARM.Deploy.0 = Debug|ARM
		{2B07C35F-5D07-4626-ABB6-D565AD8BC18B}.Debug|iPhone.ActiveCfg = Debug|Any CPU
		{2B07C35F-5D07-4626-ABB6-D565AD8BC18B}.Debug|iPhone.Build.0 = Debug|Any CPU
		{2B07C35F-5D07-4626-ABB6-D565AD8BC18B}.Debug|iPhone.Deploy.0 = Debug|Any CPU
		{2B07C35F-5D07-4626-ABB6-D565AD8BC18B}.Debug|iPhoneSimulator.ActiveCfg = Debug|Any CPU
		{2B07C35F-5D07-4626-ABB6-D565AD8BC18B}.Debug|iPhoneSimulator.Build.0 = Debug|Any CPU
		{2B07C35F-5D07-4626-ABB6-D565AD8BC18B}.Debug|iPhoneSimulator.Deploy.0 = Debug|Any CPU
		{2B07C35F-5D07-4626-ABB6-D565AD8BC18B}.Debug|x64.ActiveCfg = Debug|Any CPU
		{2B07C35F-5D07-4626-ABB6-D565AD8BC18B}.Debug|x64.Build.0 = Debug|Any CPU
		{2B07C35F-5D07-4626-ABB6-D565AD8BC18B}.Debug|x64.Deploy.0 = Debug|Any CPU
		{2B07C35F-5D07-4626-ABB6-D565AD8BC18B}.Debug|x86.ActiveCfg = Debug|x86
		{2B07C35F-5D07-4626-ABB6-D565AD8BC18B}.Debug|x86.Build.0 = Debug|x86
		{2B07C35F-5D07-4626-ABB6-D565AD8BC18B}.Debug|x86.Deploy.0 = Debug|x86
		{2B07C35F-5D07-4626-ABB6-D565AD8BC18B}.Release|Any CPU.ActiveCfg = Release|Any CPU
		{2B07C35F-5D07-4626-ABB6-D565AD8BC18B}.Release|Any CPU.Build.0 = Release|Any CPU
		{2B07C35F-5D07-4626-ABB6-D565AD8BC18B}.Release|Any CPU.Deploy.0 = Release|Any CPU
		{2B07C35F-5D07-4626-ABB6-D565AD8BC18B}.Release|ARM.ActiveCfg = Release|ARM
		{2B07C35F-5D07-4626-ABB6-D565AD8BC18B}.Release|ARM.Build.0 = Release|ARM
		{2B07C35F-5D07-4626-ABB6-D565AD8BC18B}.Release|ARM.Deploy.0 = Release|ARM
		{2B07C35F-5D07-4626-ABB6-D565AD8BC18B}.Release|iPhone.ActiveCfg = Release|Any CPU
		{2B07C35F-5D07-4626-ABB6-D565AD8BC18B}.Release|iPhone.Build.0 = Release|Any CPU
		{2B07C35F-5D07-4626-ABB6-D565AD8BC18B}.Release|iPhone.Deploy.0 = Release|Any CPU
		{2B07C35F-5D07-4626-ABB6-D565AD8BC18B}.Release|iPhoneSimulator.ActiveCfg = Release|Any CPU
		{2B07C35F-5D07-4626-ABB6-D565AD8BC18B}.Release|iPhoneSimulator.Build.0 = Release|Any CPU
		{2B07C35F-5D07-4626-ABB6-D565AD8BC18B}.Release|iPhoneSimulator.Deploy.0 = Release|Any CPU
		{2B07C35F-5D07-4626-ABB6-D565AD8BC18B}.Release|x64.ActiveCfg = Release|Any CPU
		{2B07C35F-5D07-4626-ABB6-D565AD8BC18B}.Release|x64.Build.0 = Release|Any CPU
		{2B07C35F-5D07-4626-ABB6-D565AD8BC18B}.Release|x64.Deploy.0 = Release|Any CPU
		{2B07C35F-5D07-4626-ABB6-D565AD8BC18B}.Release|x86.ActiveCfg = Release|x86
		{2B07C35F-5D07-4626-ABB6-D565AD8BC18B}.Release|x86.Build.0 = Release|x86
		{2B07C35F-5D07-4626-ABB6-D565AD8BC18B}.Release|x86.Deploy.0 = Release|x86
		{C9C7703F-E306-4C6D-9801-808ADA0974B0}.Ad-Hoc|Any CPU.ActiveCfg = Release|x86
		{C9C7703F-E306-4C6D-9801-808ADA0974B0}.Ad-Hoc|Any CPU.Build.0 = Release|x86
		{C9C7703F-E306-4C6D-9801-808ADA0974B0}.Ad-Hoc|Any CPU.Deploy.0 = Release|x86
		{C9C7703F-E306-4C6D-9801-808ADA0974B0}.Ad-Hoc|ARM.ActiveCfg = Release|ARM
		{C9C7703F-E306-4C6D-9801-808ADA0974B0}.Ad-Hoc|ARM.Build.0 = Release|ARM
		{C9C7703F-E306-4C6D-9801-808ADA0974B0}.Ad-Hoc|ARM.Deploy.0 = Release|ARM
		{C9C7703F-E306-4C6D-9801-808ADA0974B0}.Ad-Hoc|iPhone.ActiveCfg = Release|x86
		{C9C7703F-E306-4C6D-9801-808ADA0974B0}.Ad-Hoc|iPhone.Build.0 = Release|x86
		{C9C7703F-E306-4C6D-9801-808ADA0974B0}.Ad-Hoc|iPhone.Deploy.0 = Release|x86
		{C9C7703F-E306-4C6D-9801-808ADA0974B0}.Ad-Hoc|iPhoneSimulator.ActiveCfg = Release|x86
		{C9C7703F-E306-4C6D-9801-808ADA0974B0}.Ad-Hoc|iPhoneSimulator.Build.0 = Release|x86
		{C9C7703F-E306-4C6D-9801-808ADA0974B0}.Ad-Hoc|iPhoneSimulator.Deploy.0 = Release|x86
		{C9C7703F-E306-4C6D-9801-808ADA0974B0}.Ad-Hoc|x64.ActiveCfg = Release|x64
		{C9C7703F-E306-4C6D-9801-808ADA0974B0}.Ad-Hoc|x64.Build.0 = Release|x64
		{C9C7703F-E306-4C6D-9801-808ADA0974B0}.Ad-Hoc|x64.Deploy.0 = Release|x64
		{C9C7703F-E306-4C6D-9801-808ADA0974B0}.Ad-Hoc|x86.ActiveCfg = Release|x86
		{C9C7703F-E306-4C6D-9801-808ADA0974B0}.Ad-Hoc|x86.Build.0 = Release|x86
		{C9C7703F-E306-4C6D-9801-808ADA0974B0}.Ad-Hoc|x86.Deploy.0 = Release|x86
		{C9C7703F-E306-4C6D-9801-808ADA0974B0}.AppStore|Any CPU.ActiveCfg = Release|x86
		{C9C7703F-E306-4C6D-9801-808ADA0974B0}.AppStore|Any CPU.Build.0 = Release|x86
		{C9C7703F-E306-4C6D-9801-808ADA0974B0}.AppStore|Any CPU.Deploy.0 = Release|x86
		{C9C7703F-E306-4C6D-9801-808ADA0974B0}.AppStore|ARM.ActiveCfg = Release|ARM
		{C9C7703F-E306-4C6D-9801-808ADA0974B0}.AppStore|ARM.Build.0 = Release|ARM
		{C9C7703F-E306-4C6D-9801-808ADA0974B0}.AppStore|ARM.Deploy.0 = Release|ARM
		{C9C7703F-E306-4C6D-9801-808ADA0974B0}.AppStore|iPhone.ActiveCfg = Release|x86
		{C9C7703F-E306-4C6D-9801-808ADA0974B0}.AppStore|iPhone.Build.0 = Release|x86
		{C9C7703F-E306-4C6D-9801-808ADA0974B0}.AppStore|iPhone.Deploy.0 = Release|x86
		{C9C7703F-E306-4C6D-9801-808ADA0974B0}.AppStore|iPhoneSimulator.ActiveCfg = Release|x86
		{C9C7703F-E306-4C6D-9801-808ADA0974B0}.AppStore|iPhoneSimulator.Build.0 = Release|x86
		{C9C7703F-E306-4C6D-9801-808ADA0974B0}.AppStore|iPhoneSimulator.Deploy.0 = Release|x86
		{C9C7703F-E306-4C6D-9801-808ADA0974B0}.AppStore|x64.ActiveCfg = Release|x64
		{C9C7703F-E306-4C6D-9801-808ADA0974B0}.AppStore|x64.Build.0 = Release|x64
		{C9C7703F-E306-4C6D-9801-808ADA0974B0}.AppStore|x64.Deploy.0 = Release|x64
		{C9C7703F-E306-4C6D-9801-808ADA0974B0}.AppStore|x86.ActiveCfg = Release|x86
		{C9C7703F-E306-4C6D-9801-808ADA0974B0}.AppStore|x86.Build.0 = Release|x86
		{C9C7703F-E306-4C6D-9801-808ADA0974B0}.AppStore|x86.Deploy.0 = Release|x86
		{C9C7703F-E306-4C6D-9801-808ADA0974B0}.Debug|Any CPU.ActiveCfg = Debug|x86
		{C9C7703F-E306-4C6D-9801-808ADA0974B0}.Debug|ARM.ActiveCfg = Debug|ARM
		{C9C7703F-E306-4C6D-9801-808ADA0974B0}.Debug|ARM.Build.0 = Debug|ARM
		{C9C7703F-E306-4C6D-9801-808ADA0974B0}.Debug|ARM.Deploy.0 = Debug|ARM
		{C9C7703F-E306-4C6D-9801-808ADA0974B0}.Debug|iPhone.ActiveCfg = Debug|x86
		{C9C7703F-E306-4C6D-9801-808ADA0974B0}.Debug|iPhoneSimulator.ActiveCfg = Debug|x86
		{C9C7703F-E306-4C6D-9801-808ADA0974B0}.Debug|x64.ActiveCfg = Debug|x64
		{C9C7703F-E306-4C6D-9801-808ADA0974B0}.Debug|x64.Build.0 = Debug|x64
		{C9C7703F-E306-4C6D-9801-808ADA0974B0}.Debug|x64.Deploy.0 = Debug|x64
		{C9C7703F-E306-4C6D-9801-808ADA0974B0}.Debug|x86.ActiveCfg = Debug|x86
		{C9C7703F-E306-4C6D-9801-808ADA0974B0}.Debug|x86.Build.0 = Debug|x86
		{C9C7703F-E306-4C6D-9801-808ADA0974B0}.Debug|x86.Deploy.0 = Debug|x86
		{C9C7703F-E306-4C6D-9801-808ADA0974B0}.Release|Any CPU.ActiveCfg = Release|x86
		{C9C7703F-E306-4C6D-9801-808ADA0974B0}.Release|ARM.ActiveCfg = Release|ARM
		{C9C7703F-E306-4C6D-9801-808ADA0974B0}.Release|ARM.Build.0 = Release|ARM
		{C9C7703F-E306-4C6D-9801-808ADA0974B0}.Release|ARM.Deploy.0 = Release|ARM
		{C9C7703F-E306-4C6D-9801-808ADA0974B0}.Release|iPhone.ActiveCfg = Release|x86
		{C9C7703F-E306-4C6D-9801-808ADA0974B0}.Release|iPhoneSimulator.ActiveCfg = Release|x86
		{C9C7703F-E306-4C6D-9801-808ADA0974B0}.Release|x64.ActiveCfg = Release|x64
		{C9C7703F-E306-4C6D-9801-808ADA0974B0}.Release|x64.Build.0 = Release|x64
		{C9C7703F-E306-4C6D-9801-808ADA0974B0}.Release|x64.Deploy.0 = Release|x64
		{C9C7703F-E306-4C6D-9801-808ADA0974B0}.Release|x86.ActiveCfg = Release|x86
		{C9C7703F-E306-4C6D-9801-808ADA0974B0}.Release|x86.Build.0 = Release|x86
		{C9C7703F-E306-4C6D-9801-808ADA0974B0}.Release|x86.Deploy.0 = Release|x86
		{AC66C7E7-C188-45B6-B129-D3774217B23A}.Ad-Hoc|Any CPU.ActiveCfg = Release|Any CPU
		{AC66C7E7-C188-45B6-B129-D3774217B23A}.Ad-Hoc|Any CPU.Build.0 = Release|Any CPU
		{AC66C7E7-C188-45B6-B129-D3774217B23A}.Ad-Hoc|Any CPU.Deploy.0 = Release|Any CPU
		{AC66C7E7-C188-45B6-B129-D3774217B23A}.Ad-Hoc|ARM.ActiveCfg = Release|ARM
		{AC66C7E7-C188-45B6-B129-D3774217B23A}.Ad-Hoc|ARM.Build.0 = Release|ARM
		{AC66C7E7-C188-45B6-B129-D3774217B23A}.Ad-Hoc|ARM.Deploy.0 = Release|ARM
		{AC66C7E7-C188-45B6-B129-D3774217B23A}.Ad-Hoc|iPhone.ActiveCfg = Release|Any CPU
		{AC66C7E7-C188-45B6-B129-D3774217B23A}.Ad-Hoc|iPhone.Build.0 = Release|Any CPU
		{AC66C7E7-C188-45B6-B129-D3774217B23A}.Ad-Hoc|iPhone.Deploy.0 = Release|Any CPU
		{AC66C7E7-C188-45B6-B129-D3774217B23A}.Ad-Hoc|iPhoneSimulator.ActiveCfg = Release|Any CPU
		{AC66C7E7-C188-45B6-B129-D3774217B23A}.Ad-Hoc|iPhoneSimulator.Build.0 = Release|Any CPU
		{AC66C7E7-C188-45B6-B129-D3774217B23A}.Ad-Hoc|iPhoneSimulator.Deploy.0 = Release|Any CPU
		{AC66C7E7-C188-45B6-B129-D3774217B23A}.Ad-Hoc|x64.ActiveCfg = Release|x64
		{AC66C7E7-C188-45B6-B129-D3774217B23A}.Ad-Hoc|x64.Build.0 = Release|x64
		{AC66C7E7-C188-45B6-B129-D3774217B23A}.Ad-Hoc|x64.Deploy.0 = Release|x64
		{AC66C7E7-C188-45B6-B129-D3774217B23A}.Ad-Hoc|x86.ActiveCfg = Release|x86
		{AC66C7E7-C188-45B6-B129-D3774217B23A}.Ad-Hoc|x86.Build.0 = Release|x86
		{AC66C7E7-C188-45B6-B129-D3774217B23A}.Ad-Hoc|x86.Deploy.0 = Release|x86
		{AC66C7E7-C188-45B6-B129-D3774217B23A}.AppStore|Any CPU.ActiveCfg = Release|Any CPU
		{AC66C7E7-C188-45B6-B129-D3774217B23A}.AppStore|Any CPU.Build.0 = Release|Any CPU
		{AC66C7E7-C188-45B6-B129-D3774217B23A}.AppStore|Any CPU.Deploy.0 = Release|Any CPU
		{AC66C7E7-C188-45B6-B129-D3774217B23A}.AppStore|ARM.ActiveCfg = Release|ARM
		{AC66C7E7-C188-45B6-B129-D3774217B23A}.AppStore|ARM.Build.0 = Release|ARM
		{AC66C7E7-C188-45B6-B129-D3774217B23A}.AppStore|ARM.Deploy.0 = Release|ARM
		{AC66C7E7-C188-45B6-B129-D3774217B23A}.AppStore|iPhone.ActiveCfg = Release|Any CPU
		{AC66C7E7-C188-45B6-B129-D3774217B23A}.AppStore|iPhone.Build.0 = Release|Any CPU
		{AC66C7E7-C188-45B6-B129-D3774217B23A}.AppStore|iPhone.Deploy.0 = Release|Any CPU
		{AC66C7E7-C188-45B6-B129-D3774217B23A}.AppStore|iPhoneSimulator.ActiveCfg = Release|Any CPU
		{AC66C7E7-C188-45B6-B129-D3774217B23A}.AppStore|iPhoneSimulator.Build.0 = Release|Any CPU
		{AC66C7E7-C188-45B6-B129-D3774217B23A}.AppStore|iPhoneSimulator.Deploy.0 = Release|Any CPU
		{AC66C7E7-C188-45B6-B129-D3774217B23A}.AppStore|x64.ActiveCfg = Release|x64
		{AC66C7E7-C188-45B6-B129-D3774217B23A}.AppStore|x64.Build.0 = Release|x64
		{AC66C7E7-C188-45B6-B129-D3774217B23A}.AppStore|x64.Deploy.0 = Release|x64
		{AC66C7E7-C188-45B6-B129-D3774217B23A}.AppStore|x86.ActiveCfg = Release|x86
		{AC66C7E7-C188-45B6-B129-D3774217B23A}.AppStore|x86.Build.0 = Release|x86
		{AC66C7E7-C188-45B6-B129-D3774217B23A}.AppStore|x86.Deploy.0 = Release|x86
		{AC66C7E7-C188-45B6-B129-D3774217B23A}.Debug|Any CPU.ActiveCfg = Debug|Any CPU
		{AC66C7E7-C188-45B6-B129-D3774217B23A}.Debug|Any CPU.Build.0 = Debug|Any CPU
		{AC66C7E7-C188-45B6-B129-D3774217B23A}.Debug|Any CPU.Deploy.0 = Debug|Any CPU
		{AC66C7E7-C188-45B6-B129-D3774217B23A}.Debug|ARM.ActiveCfg = Debug|ARM
		{AC66C7E7-C188-45B6-B129-D3774217B23A}.Debug|ARM.Build.0 = Debug|ARM
		{AC66C7E7-C188-45B6-B129-D3774217B23A}.Debug|ARM.Deploy.0 = Debug|ARM
		{AC66C7E7-C188-45B6-B129-D3774217B23A}.Debug|iPhone.ActiveCfg = Debug|Any CPU
		{AC66C7E7-C188-45B6-B129-D3774217B23A}.Debug|iPhone.Build.0 = Debug|Any CPU
		{AC66C7E7-C188-45B6-B129-D3774217B23A}.Debug|iPhone.Deploy.0 = Debug|Any CPU
		{AC66C7E7-C188-45B6-B129-D3774217B23A}.Debug|iPhoneSimulator.ActiveCfg = Debug|Any CPU
		{AC66C7E7-C188-45B6-B129-D3774217B23A}.Debug|iPhoneSimulator.Build.0 = Debug|Any CPU
		{AC66C7E7-C188-45B6-B129-D3774217B23A}.Debug|iPhoneSimulator.Deploy.0 = Debug|Any CPU
		{AC66C7E7-C188-45B6-B129-D3774217B23A}.Debug|x64.ActiveCfg = Debug|x64
		{AC66C7E7-C188-45B6-B129-D3774217B23A}.Debug|x64.Build.0 = Debug|x64
		{AC66C7E7-C188-45B6-B129-D3774217B23A}.Debug|x64.Deploy.0 = Debug|x64
		{AC66C7E7-C188-45B6-B129-D3774217B23A}.Debug|x86.ActiveCfg = Debug|x86
		{AC66C7E7-C188-45B6-B129-D3774217B23A}.Debug|x86.Build.0 = Debug|x86
		{AC66C7E7-C188-45B6-B129-D3774217B23A}.Debug|x86.Deploy.0 = Debug|x86
		{AC66C7E7-C188-45B6-B129-D3774217B23A}.Release|Any CPU.ActiveCfg = Release|Any CPU
		{AC66C7E7-C188-45B6-B129-D3774217B23A}.Release|Any CPU.Build.0 = Release|Any CPU
		{AC66C7E7-C188-45B6-B129-D3774217B23A}.Release|Any CPU.Deploy.0 = Release|Any CPU
		{AC66C7E7-C188-45B6-B129-D3774217B23A}.Release|ARM.ActiveCfg = Release|ARM
		{AC66C7E7-C188-45B6-B129-D3774217B23A}.Release|ARM.Build.0 = Release|ARM
		{AC66C7E7-C188-45B6-B129-D3774217B23A}.Release|ARM.Deploy.0 = Release|ARM
		{AC66C7E7-C188-45B6-B129-D3774217B23A}.Release|iPhone.ActiveCfg = Release|Any CPU
		{AC66C7E7-C188-45B6-B129-D3774217B23A}.Release|iPhone.Build.0 = Release|Any CPU
		{AC66C7E7-C188-45B6-B129-D3774217B23A}.Release|iPhone.Deploy.0 = Release|Any CPU
		{AC66C7E7-C188-45B6-B129-D3774217B23A}.Release|iPhoneSimulator.ActiveCfg = Release|Any CPU
		{AC66C7E7-C188-45B6-B129-D3774217B23A}.Release|iPhoneSimulator.Build.0 = Release|Any CPU
		{AC66C7E7-C188-45B6-B129-D3774217B23A}.Release|iPhoneSimulator.Deploy.0 = Release|Any CPU
		{AC66C7E7-C188-45B6-B129-D3774217B23A}.Release|x64.ActiveCfg = Release|x64
		{AC66C7E7-C188-45B6-B129-D3774217B23A}.Release|x64.Build.0 = Release|x64
		{AC66C7E7-C188-45B6-B129-D3774217B23A}.Release|x64.Deploy.0 = Release|x64
		{AC66C7E7-C188-45B6-B129-D3774217B23A}.Release|x86.ActiveCfg = Release|x86
		{AC66C7E7-C188-45B6-B129-D3774217B23A}.Release|x86.Build.0 = Release|x86
		{AC66C7E7-C188-45B6-B129-D3774217B23A}.Release|x86.Deploy.0 = Release|x86
		{50182D4A-BC2A-4792-9B73-589CD1B372EB}.Ad-Hoc|Any CPU.ActiveCfg = Release|Any CPU
		{50182D4A-BC2A-4792-9B73-589CD1B372EB}.Ad-Hoc|Any CPU.Build.0 = Release|Any CPU
		{50182D4A-BC2A-4792-9B73-589CD1B372EB}.Ad-Hoc|ARM.ActiveCfg = Release|Any CPU
		{50182D4A-BC2A-4792-9B73-589CD1B372EB}.Ad-Hoc|ARM.Build.0 = Release|Any CPU
		{50182D4A-BC2A-4792-9B73-589CD1B372EB}.Ad-Hoc|iPhone.ActiveCfg = Release|Any CPU
		{50182D4A-BC2A-4792-9B73-589CD1B372EB}.Ad-Hoc|iPhone.Build.0 = Release|Any CPU
		{50182D4A-BC2A-4792-9B73-589CD1B372EB}.Ad-Hoc|iPhoneSimulator.ActiveCfg = Release|Any CPU
		{50182D4A-BC2A-4792-9B73-589CD1B372EB}.Ad-Hoc|iPhoneSimulator.Build.0 = Release|Any CPU
		{50182D4A-BC2A-4792-9B73-589CD1B372EB}.Ad-Hoc|x64.ActiveCfg = Release|Any CPU
		{50182D4A-BC2A-4792-9B73-589CD1B372EB}.Ad-Hoc|x64.Build.0 = Release|Any CPU
		{50182D4A-BC2A-4792-9B73-589CD1B372EB}.Ad-Hoc|x86.ActiveCfg = Release|Any CPU
		{50182D4A-BC2A-4792-9B73-589CD1B372EB}.Ad-Hoc|x86.Build.0 = Release|Any CPU
		{50182D4A-BC2A-4792-9B73-589CD1B372EB}.AppStore|Any CPU.ActiveCfg = Release|Any CPU
		{50182D4A-BC2A-4792-9B73-589CD1B372EB}.AppStore|Any CPU.Build.0 = Release|Any CPU
		{50182D4A-BC2A-4792-9B73-589CD1B372EB}.AppStore|ARM.ActiveCfg = Release|Any CPU
		{50182D4A-BC2A-4792-9B73-589CD1B372EB}.AppStore|ARM.Build.0 = Release|Any CPU
		{50182D4A-BC2A-4792-9B73-589CD1B372EB}.AppStore|iPhone.ActiveCfg = Release|Any CPU
		{50182D4A-BC2A-4792-9B73-589CD1B372EB}.AppStore|iPhone.Build.0 = Release|Any CPU
		{50182D4A-BC2A-4792-9B73-589CD1B372EB}.AppStore|iPhoneSimulator.ActiveCfg = Release|Any CPU
		{50182D4A-BC2A-4792-9B73-589CD1B372EB}.AppStore|iPhoneSimulator.Build.0 = Release|Any CPU
		{50182D4A-BC2A-4792-9B73-589CD1B372EB}.AppStore|x64.ActiveCfg = Release|Any CPU
		{50182D4A-BC2A-4792-9B73-589CD1B372EB}.AppStore|x64.Build.0 = Release|Any CPU
		{50182D4A-BC2A-4792-9B73-589CD1B372EB}.AppStore|x86.ActiveCfg = Release|Any CPU
		{50182D4A-BC2A-4792-9B73-589CD1B372EB}.AppStore|x86.Build.0 = Release|Any CPU
		{50182D4A-BC2A-4792-9B73-589CD1B372EB}.Debug|Any CPU.ActiveCfg = Debug|Any CPU
		{50182D4A-BC2A-4792-9B73-589CD1B372EB}.Debug|Any CPU.Build.0 = Debug|Any CPU
		{50182D4A-BC2A-4792-9B73-589CD1B372EB}.Debug|ARM.ActiveCfg = Debug|Any CPU
		{50182D4A-BC2A-4792-9B73-589CD1B372EB}.Debug|ARM.Build.0 = Debug|Any CPU
		{50182D4A-BC2A-4792-9B73-589CD1B372EB}.Debug|iPhone.ActiveCfg = Debug|Any CPU
		{50182D4A-BC2A-4792-9B73-589CD1B372EB}.Debug|iPhone.Build.0 = Debug|Any CPU
		{50182D4A-BC2A-4792-9B73-589CD1B372EB}.Debug|iPhoneSimulator.ActiveCfg = Debug|Any CPU
		{50182D4A-BC2A-4792-9B73-589CD1B372EB}.Debug|iPhoneSimulator.Build.0 = Debug|Any CPU
		{50182D4A-BC2A-4792-9B73-589CD1B372EB}.Debug|x64.ActiveCfg = Debug|Any CPU
		{50182D4A-BC2A-4792-9B73-589CD1B372EB}.Debug|x64.Build.0 = Debug|Any CPU
		{50182D4A-BC2A-4792-9B73-589CD1B372EB}.Debug|x86.ActiveCfg = Debug|Any CPU
		{50182D4A-BC2A-4792-9B73-589CD1B372EB}.Debug|x86.Build.0 = Debug|Any CPU
		{50182D4A-BC2A-4792-9B73-589CD1B372EB}.Release|Any CPU.ActiveCfg = Release|Any CPU
		{50182D4A-BC2A-4792-9B73-589CD1B372EB}.Release|Any CPU.Build.0 = Release|Any CPU
		{50182D4A-BC2A-4792-9B73-589CD1B372EB}.Release|ARM.ActiveCfg = Release|Any CPU
		{50182D4A-BC2A-4792-9B73-589CD1B372EB}.Release|ARM.Build.0 = Release|Any CPU
		{50182D4A-BC2A-4792-9B73-589CD1B372EB}.Release|iPhone.ActiveCfg = Release|Any CPU
		{50182D4A-BC2A-4792-9B73-589CD1B372EB}.Release|iPhone.Build.0 = Release|Any CPU
		{50182D4A-BC2A-4792-9B73-589CD1B372EB}.Release|iPhoneSimulator.ActiveCfg = Release|Any CPU
		{50182D4A-BC2A-4792-9B73-589CD1B372EB}.Release|iPhoneSimulator.Build.0 = Release|Any CPU
		{50182D4A-BC2A-4792-9B73-589CD1B372EB}.Release|x64.ActiveCfg = Release|Any CPU
		{50182D4A-BC2A-4792-9B73-589CD1B372EB}.Release|x64.Build.0 = Release|Any CPU
		{50182D4A-BC2A-4792-9B73-589CD1B372EB}.Release|x86.ActiveCfg = Release|Any CPU
		{50182D4A-BC2A-4792-9B73-589CD1B372EB}.Release|x86.Build.0 = Release|Any CPU
	EndGlobalSection
	GlobalSection(SolutionProperties) = preSolution
		HideSolutionNode = FALSE
	EndGlobalSection
EndGlobal
